
Microsoft Visual Studio Solution File, Format Version 12.00
# Visual Studio Version 16
VisualStudioVersion = 16.0.31702.278
MinimumVisualStudioVersion = 10.0.40219.1
Project("{FAE04EC0-301F-11D3-BF4B-00C04F79EFBC}") = "CrappyPianoGui", "CrappyPianoGui\CrappyPianoGui.csproj", "{FC826C97-A369-4BFD-A185-713B0EF7C92B}"
EndProject
Global
	GlobalSection(SolutionConfigurationPlatforms) = preSolution
		Debug|Any CPU = Debug|Any CPU
		Release|Any CPU = Release|Any CPU
	EndGlobalSection
	GlobalSection(ProjectConfigurationPlatforms) = postSolution
		{FC826C97-A369-4BFD-A185-713B0EF7C92B}.Debug|Any CPU.ActiveCfg = Debug|Any CPU
		{FC826C97-A369-4BFD-A185-713B0EF7C92B}.Debug|Any CPU.Build.0 = Debug|Any CPU
		{FC826C97-A369-4BFD-A185-713B0EF7C92B}.Release|Any CPU.ActiveCfg = Release|Any CPU
		{FC826C97-A369-4BFD-A185-713B0EF7C92B}.Release|Any CPU.Build.0 = Release|Any CPU
	EndGlobalSection
	GlobalSection(SolutionProperties) = preSolution
		HideSolutionNode = FALSE
	EndGlobalSection
	GlobalSection(ExtensibilityGlobals) = postSolution
		SolutionGuid = {77BA03D0-BC24-4EB0-9F08-423550669BEA}
	EndGlobalSection
EndGlobal
